
Microsoft Visual Studio Solution File, Format Version 12.00
# Visual Studio 15
VisualStudioVersion = 15.0.28307.329
MinimumVisualStudioVersion = 10.0.40219.1
Project("{D2ABAB84-BF74-430A-B69E-9DC6D40DDA17}") = "MultidimensionalProject1", "MultidimensionalProject1\MultidimensionalProject1.dwproj", "{19ED893D-0315-49DC-8BDB-3F6A4BD2EBB9}"
EndProject
Global
	GlobalSection(SolutionConfigurationPlatforms) = preSolution
		Development|Default = Development|Default
	EndGlobalSection
	GlobalSection(ProjectConfigurationPlatforms) = postSolution
		{19ED893D-0315-49DC-8BDB-3F6A4BD2EBB9}.Development|Default.ActiveCfg = Development
		{19ED893D-0315-49DC-8BDB-3F6A4BD2EBB9}.Development|Default.Build.0 = Development
		{19ED893D-0315-49DC-8BDB-3F6A4BD2EBB9}.Development|Default.Deploy.0 = Development
	EndGlobalSection
	GlobalSection(SolutionProperties) = preSolution
		HideSolutionNode = FALSE
	EndGlobalSection
	GlobalSection(ExtensibilityGlobals) = postSolution
		SolutionGuid = {8E19F6F5-EA43-4BDC-8629-CF80CE73FA1D}
	EndGlobalSection
EndGlobal
